
Microsoft Visual Studio Solution File, Format Version 12.00
# Visual Studio Version 17
VisualStudioVersion = 17.13.35818.85 d17.13
MinimumVisualStudioVersion = 10.0.40219.1
Project("{FAE04EC0-301F-11D3-BF4B-00C04F79EFBC}") = "TodayTask4", "TodayTask4\TodayTask4.csproj", "{DD8ECE88-BCFE-4C4D-BC8B-5BCBE1130F98}"
EndProject
Global
	GlobalSection(SolutionConfigurationPlatforms) = preSolution
		Debug|Any CPU = Debug|Any CPU
		Release|Any CPU = Release|Any CPU
	EndGlobalSection
	GlobalSection(ProjectConfigurationPlatforms) = postSolution
		{DD8ECE88-BCFE-4C4D-BC8B-5BCBE1130F98}.Debug|Any CPU.ActiveCfg = Debug|Any CPU
		{DD8ECE88-BCFE-4C4D-BC8B-5BCBE1130F98}.Debug|Any CPU.Build.0 = Debug|Any CPU
		{DD8ECE88-BCFE-4C4D-BC8B-5BCBE1130F98}.Release|Any CPU.ActiveCfg = Release|Any CPU
		{DD8ECE88-BCFE-4C4D-BC8B-5BCBE1130F98}.Release|Any CPU.Build.0 = Release|Any CPU
	EndGlobalSection
	GlobalSection(SolutionProperties) = preSolution
		HideSolutionNode = FALSE
	EndGlobalSection
	GlobalSection(ExtensibilityGlobals) = postSolution
		SolutionGuid = {6B701BDB-4D53-44AE-A54A-43A036F67BE8}
	EndGlobalSection
EndGlobal
