
Microsoft Visual Studio Solution File, Format Version 12.00
# Visual Studio Version 17
VisualStudioVersion = 17.13.35818.85 d17.13
MinimumVisualStudioVersion = 10.0.40219.1
Project("{FAE04EC0-301F-11D3-BF4B-00C04F79EFBC}") = "Loading", "Loading\Loading.csproj", "{BAA84C5A-C7FF-430D-9CE1-195FB08B0FA7}"
EndProject
Global
	GlobalSection(SolutionConfigurationPlatforms) = preSolution
		Debug|Any CPU = Debug|Any CPU
		Release|Any CPU = Release|Any CPU
	EndGlobalSection
	GlobalSection(ProjectConfigurationPlatforms) = postSolution
		{BAA84C5A-C7FF-430D-9CE1-195FB08B0FA7}.Debug|Any CPU.ActiveCfg = Debug|Any CPU
		{BAA84C5A-C7FF-430D-9CE1-195FB08B0FA7}.Debug|Any CPU.Build.0 = Debug|Any CPU
		{BAA84C5A-C7FF-430D-9CE1-195FB08B0FA7}.Release|Any CPU.ActiveCfg = Release|Any CPU
		{BAA84C5A-C7FF-430D-9CE1-195FB08B0FA7}.Release|Any CPU.Build.0 = Release|Any CPU
	EndGlobalSection
	GlobalSection(SolutionProperties) = preSolution
		HideSolutionNode = FALSE
	EndGlobalSection
	GlobalSection(ExtensibilityGlobals) = postSolution
		SolutionGuid = {D8654657-A6F2-4322-A448-BF910EFF19EB}
	EndGlobalSection
EndGlobal
