
Microsoft Visual Studio Solution File, Format Version 12.00
# Visual Studio Version 17
VisualStudioVersion = 17.13.35825.156 d17.13
MinimumVisualStudioVersion = 10.0.40219.1
Project("{FAE04EC0-301F-11D3-BF4B-00C04F79EFBC}") = "TimeAttack", "TimeAttack\TimeAttack.csproj", "{3EF1C404-1AC4-4949-8B6A-9C53AFC28EF6}"
EndProject
Global
	GlobalSection(SolutionConfigurationPlatforms) = preSolution
		Debug|Any CPU = Debug|Any CPU
		Release|Any CPU = Release|Any CPU
	EndGlobalSection
	GlobalSection(ProjectConfigurationPlatforms) = postSolution
		{3EF1C404-1AC4-4949-8B6A-9C53AFC28EF6}.Debug|Any CPU.ActiveCfg = Debug|Any CPU
		{3EF1C404-1AC4-4949-8B6A-9C53AFC28EF6}.Debug|Any CPU.Build.0 = Debug|Any CPU
		{3EF1C404-1AC4-4949-8B6A-9C53AFC28EF6}.Release|Any CPU.ActiveCfg = Release|Any CPU
		{3EF1C404-1AC4-4949-8B6A-9C53AFC28EF6}.Release|Any CPU.Build.0 = Release|Any CPU
	EndGlobalSection
	GlobalSection(SolutionProperties) = preSolution
		HideSolutionNode = FALSE
	EndGlobalSection
	GlobalSection(ExtensibilityGlobals) = postSolution
		SolutionGuid = {203664B8-9BFA-499B-9F6E-2FB5D5F3051C}
	EndGlobalSection
EndGlobal
