
Microsoft Visual Studio Solution File, Format Version 12.00
# Visual Studio Version 17
VisualStudioVersion = 17.13.35818.85 d17.13
MinimumVisualStudioVersion = 10.0.40219.1
Project("{FAE04EC0-301F-11D3-BF4B-00C04F79EFBC}") = "LikeLion7", "LikeLion7\LikeLion7.csproj", "{FE327B35-619E-45BE-8526-8AD3B43E9697}"
EndProject
Global
	GlobalSection(SolutionConfigurationPlatforms) = preSolution
		Debug|Any CPU = Debug|Any CPU
		Release|Any CPU = Release|Any CPU
	EndGlobalSection
	GlobalSection(ProjectConfigurationPlatforms) = postSolution
		{FE327B35-619E-45BE-8526-8AD3B43E9697}.Debug|Any CPU.ActiveCfg = Debug|Any CPU
		{FE327B35-619E-45BE-8526-8AD3B43E9697}.Debug|Any CPU.Build.0 = Debug|Any CPU
		{FE327B35-619E-45BE-8526-8AD3B43E9697}.Release|Any CPU.ActiveCfg = Release|Any CPU
		{FE327B35-619E-45BE-8526-8AD3B43E9697}.Release|Any CPU.Build.0 = Release|Any CPU
	EndGlobalSection
	GlobalSection(SolutionProperties) = preSolution
		HideSolutionNode = FALSE
	EndGlobalSection
	GlobalSection(ExtensibilityGlobals) = postSolution
		SolutionGuid = {7CF515CF-5305-457A-8241-FDF9E8D76638}
	EndGlobalSection
EndGlobal
