
Microsoft Visual Studio Solution File, Format Version 12.00
# Visual Studio Version 17
VisualStudioVersion = 17.13.35825.156 d17.13
MinimumVisualStudioVersion = 10.0.40219.1
Project("{FAE04EC0-301F-11D3-BF4B-00C04F79EFBC}") = "LikeLion30", "LikeLion30\LikeLion30.csproj", "{325B71E3-DC96-4245-8D3E-FF1E1D4D723E}"
EndProject
Global
	GlobalSection(SolutionConfigurationPlatforms) = preSolution
		Debug|Any CPU = Debug|Any CPU
		Release|Any CPU = Release|Any CPU
	EndGlobalSection
	GlobalSection(ProjectConfigurationPlatforms) = postSolution
		{325B71E3-DC96-4245-8D3E-FF1E1D4D723E}.Debug|Any CPU.ActiveCfg = Debug|Any CPU
		{325B71E3-DC96-4245-8D3E-FF1E1D4D723E}.Debug|Any CPU.Build.0 = Debug|Any CPU
		{325B71E3-DC96-4245-8D3E-FF1E1D4D723E}.Release|Any CPU.ActiveCfg = Release|Any CPU
		{325B71E3-DC96-4245-8D3E-FF1E1D4D723E}.Release|Any CPU.Build.0 = Release|Any CPU
	EndGlobalSection
	GlobalSection(SolutionProperties) = preSolution
		HideSolutionNode = FALSE
	EndGlobalSection
	GlobalSection(ExtensibilityGlobals) = postSolution
		SolutionGuid = {AB9F288F-BF92-434B-9737-01A8A692D99F}
	EndGlobalSection
EndGlobal
