
Microsoft Visual Studio Solution File, Format Version 12.00
# Visual Studio Version 17
VisualStudioVersion = 17.13.35825.156 d17.13
MinimumVisualStudioVersion = 10.0.40219.1
Project("{FAE04EC0-301F-11D3-BF4B-00C04F79EFBC}") = "LikeLion31", "LikeLion31\LikeLion31.csproj", "{95786D91-2CC5-4EB4-9E80-86C1A75E9678}"
EndProject
Global
	GlobalSection(SolutionConfigurationPlatforms) = preSolution
		Debug|Any CPU = Debug|Any CPU
		Release|Any CPU = Release|Any CPU
	EndGlobalSection
	GlobalSection(ProjectConfigurationPlatforms) = postSolution
		{95786D91-2CC5-4EB4-9E80-86C1A75E9678}.Debug|Any CPU.ActiveCfg = Debug|Any CPU
		{95786D91-2CC5-4EB4-9E80-86C1A75E9678}.Debug|Any CPU.Build.0 = Debug|Any CPU
		{95786D91-2CC5-4EB4-9E80-86C1A75E9678}.Release|Any CPU.ActiveCfg = Release|Any CPU
		{95786D91-2CC5-4EB4-9E80-86C1A75E9678}.Release|Any CPU.Build.0 = Release|Any CPU
	EndGlobalSection
	GlobalSection(SolutionProperties) = preSolution
		HideSolutionNode = FALSE
	EndGlobalSection
	GlobalSection(ExtensibilityGlobals) = postSolution
		SolutionGuid = {4C1399DA-93E8-4067-9B43-D9D11F840ED8}
	EndGlobalSection
EndGlobal
