
Microsoft Visual Studio Solution File, Format Version 12.00
# Visual Studio Version 17
VisualStudioVersion = 17.13.35825.156 d17.13
MinimumVisualStudioVersion = 10.0.40219.1
Project("{FAE04EC0-301F-11D3-BF4B-00C04F79EFBC}") = "TodayTask5", "TodayTask5\TodayTask5.csproj", "{8BA59AF6-A798-4C59-A176-38FC908AB2B5}"
EndProject
Global
	GlobalSection(SolutionConfigurationPlatforms) = preSolution
		Debug|Any CPU = Debug|Any CPU
		Release|Any CPU = Release|Any CPU
	EndGlobalSection
	GlobalSection(ProjectConfigurationPlatforms) = postSolution
		{8BA59AF6-A798-4C59-A176-38FC908AB2B5}.Debug|Any CPU.ActiveCfg = Debug|Any CPU
		{8BA59AF6-A798-4C59-A176-38FC908AB2B5}.Debug|Any CPU.Build.0 = Debug|Any CPU
		{8BA59AF6-A798-4C59-A176-38FC908AB2B5}.Release|Any CPU.ActiveCfg = Release|Any CPU
		{8BA59AF6-A798-4C59-A176-38FC908AB2B5}.Release|Any CPU.Build.0 = Release|Any CPU
	EndGlobalSection
	GlobalSection(SolutionProperties) = preSolution
		HideSolutionNode = FALSE
	EndGlobalSection
	GlobalSection(ExtensibilityGlobals) = postSolution
		SolutionGuid = {8B1B8F11-1A87-4E1B-98B4-1811917AAE61}
	EndGlobalSection
EndGlobal
