
Microsoft Visual Studio Solution File, Format Version 12.00
# Visual Studio Version 17
VisualStudioVersion = 17.13.35825.156 d17.13
MinimumVisualStudioVersion = 10.0.40219.1
Project("{FAE04EC0-301F-11D3-BF4B-00C04F79EFBC}") = "LikeLion35", "LikeLion35\LikeLion35.csproj", "{68837AEB-CB7E-462E-8091-CB971A7661E4}"
EndProject
Global
	GlobalSection(SolutionConfigurationPlatforms) = preSolution
		Debug|Any CPU = Debug|Any CPU
		Release|Any CPU = Release|Any CPU
	EndGlobalSection
	GlobalSection(ProjectConfigurationPlatforms) = postSolution
		{68837AEB-CB7E-462E-8091-CB971A7661E4}.Debug|Any CPU.ActiveCfg = Debug|Any CPU
		{68837AEB-CB7E-462E-8091-CB971A7661E4}.Debug|Any CPU.Build.0 = Debug|Any CPU
		{68837AEB-CB7E-462E-8091-CB971A7661E4}.Release|Any CPU.ActiveCfg = Release|Any CPU
		{68837AEB-CB7E-462E-8091-CB971A7661E4}.Release|Any CPU.Build.0 = Release|Any CPU
	EndGlobalSection
	GlobalSection(SolutionProperties) = preSolution
		HideSolutionNode = FALSE
	EndGlobalSection
	GlobalSection(ExtensibilityGlobals) = postSolution
		SolutionGuid = {18197B20-C070-487B-A9D8-F3133F42B78F}
	EndGlobalSection
EndGlobal
