
Microsoft Visual Studio Solution File, Format Version 12.00
# Visual Studio Version 17
VisualStudioVersion = 17.13.35825.156 d17.13
MinimumVisualStudioVersion = 10.0.40219.1
Project("{FAE04EC0-301F-11D3-BF4B-00C04F79EFBC}") = "LikeLion36", "LikeLion36\LikeLion36.csproj", "{C12757A6-3C13-4823-A854-95DCFB33DB2B}"
EndProject
Global
	GlobalSection(SolutionConfigurationPlatforms) = preSolution
		Debug|Any CPU = Debug|Any CPU
		Release|Any CPU = Release|Any CPU
	EndGlobalSection
	GlobalSection(ProjectConfigurationPlatforms) = postSolution
		{C12757A6-3C13-4823-A854-95DCFB33DB2B}.Debug|Any CPU.ActiveCfg = Debug|Any CPU
		{C12757A6-3C13-4823-A854-95DCFB33DB2B}.Debug|Any CPU.Build.0 = Debug|Any CPU
		{C12757A6-3C13-4823-A854-95DCFB33DB2B}.Release|Any CPU.ActiveCfg = Release|Any CPU
		{C12757A6-3C13-4823-A854-95DCFB33DB2B}.Release|Any CPU.Build.0 = Release|Any CPU
	EndGlobalSection
	GlobalSection(SolutionProperties) = preSolution
		HideSolutionNode = FALSE
	EndGlobalSection
	GlobalSection(ExtensibilityGlobals) = postSolution
		SolutionGuid = {ED6D29B6-607A-4996-A0D7-8DCA5F756ECF}
	EndGlobalSection
EndGlobal
