
Microsoft Visual Studio Solution File, Format Version 12.00
# Visual Studio Version 17
VisualStudioVersion = 17.13.35825.156 d17.13
MinimumVisualStudioVersion = 10.0.40219.1
Project("{FAE04EC0-301F-11D3-BF4B-00C04F79EFBC}") = "LikeLion28_4", "LikeLion28_4\LikeLion28_4.csproj", "{80586F9B-C504-4ECE-B363-3AD3ED28A6F5}"
EndProject
Global
	GlobalSection(SolutionConfigurationPlatforms) = preSolution
		Debug|Any CPU = Debug|Any CPU
		Release|Any CPU = Release|Any CPU
	EndGlobalSection
	GlobalSection(ProjectConfigurationPlatforms) = postSolution
		{80586F9B-C504-4ECE-B363-3AD3ED28A6F5}.Debug|Any CPU.ActiveCfg = Debug|Any CPU
		{80586F9B-C504-4ECE-B363-3AD3ED28A6F5}.Debug|Any CPU.Build.0 = Debug|Any CPU
		{80586F9B-C504-4ECE-B363-3AD3ED28A6F5}.Release|Any CPU.ActiveCfg = Release|Any CPU
		{80586F9B-C504-4ECE-B363-3AD3ED28A6F5}.Release|Any CPU.Build.0 = Release|Any CPU
	EndGlobalSection
	GlobalSection(SolutionProperties) = preSolution
		HideSolutionNode = FALSE
	EndGlobalSection
	GlobalSection(ExtensibilityGlobals) = postSolution
		SolutionGuid = {ABE02E5E-4FBF-4654-A6E0-DD90BE4C5381}
	EndGlobalSection
EndGlobal
