
Microsoft Visual Studio Solution File, Format Version 12.00
# Visual Studio Version 17
VisualStudioVersion = 17.13.35818.85 d17.13
MinimumVisualStudioVersion = 10.0.40219.1
Project("{FAE04EC0-301F-11D3-BF4B-00C04F79EFBC}") = "LikeLion4", "LikeLion4\LikeLion4.csproj", "{1BDA576D-80B7-4DB5-A8C1-EEE1B4BD032B}"
EndProject
Global
	GlobalSection(SolutionConfigurationPlatforms) = preSolution
		Debug|Any CPU = Debug|Any CPU
		Release|Any CPU = Release|Any CPU
	EndGlobalSection
	GlobalSection(ProjectConfigurationPlatforms) = postSolution
		{1BDA576D-80B7-4DB5-A8C1-EEE1B4BD032B}.Debug|Any CPU.ActiveCfg = Debug|Any CPU
		{1BDA576D-80B7-4DB5-A8C1-EEE1B4BD032B}.Debug|Any CPU.Build.0 = Debug|Any CPU
		{1BDA576D-80B7-4DB5-A8C1-EEE1B4BD032B}.Release|Any CPU.ActiveCfg = Release|Any CPU
		{1BDA576D-80B7-4DB5-A8C1-EEE1B4BD032B}.Release|Any CPU.Build.0 = Release|Any CPU
	EndGlobalSection
	GlobalSection(SolutionProperties) = preSolution
		HideSolutionNode = FALSE
	EndGlobalSection
	GlobalSection(ExtensibilityGlobals) = postSolution
		SolutionGuid = {84879093-35CA-47CA-B49E-260426393A54}
	EndGlobalSection
EndGlobal
