
Microsoft Visual Studio Solution File, Format Version 12.00
# Visual Studio Version 17
VisualStudioVersion = 17.13.35818.85 d17.13
MinimumVisualStudioVersion = 10.0.40219.1
Project("{FAE04EC0-301F-11D3-BF4B-00C04F79EFBC}") = "TodayTask1", "TodayTask1\TodayTask1.csproj", "{372C7DED-C5CB-46B4-9D76-97F1B1E99565}"
EndProject
Global
	GlobalSection(SolutionConfigurationPlatforms) = preSolution
		Debug|Any CPU = Debug|Any CPU
		Release|Any CPU = Release|Any CPU
	EndGlobalSection
	GlobalSection(ProjectConfigurationPlatforms) = postSolution
		{372C7DED-C5CB-46B4-9D76-97F1B1E99565}.Debug|Any CPU.ActiveCfg = Debug|Any CPU
		{372C7DED-C5CB-46B4-9D76-97F1B1E99565}.Debug|Any CPU.Build.0 = Debug|Any CPU
		{372C7DED-C5CB-46B4-9D76-97F1B1E99565}.Release|Any CPU.ActiveCfg = Release|Any CPU
		{372C7DED-C5CB-46B4-9D76-97F1B1E99565}.Release|Any CPU.Build.0 = Release|Any CPU
	EndGlobalSection
	GlobalSection(SolutionProperties) = preSolution
		HideSolutionNode = FALSE
	EndGlobalSection
	GlobalSection(ExtensibilityGlobals) = postSolution
		SolutionGuid = {5DF5A9E9-5C5A-44BE-A077-EC8A8500DEC3}
	EndGlobalSection
EndGlobal
