
Microsoft Visual Studio Solution File, Format Version 12.00
# Visual Studio Version 17
VisualStudioVersion = 17.13.35825.156 d17.13
MinimumVisualStudioVersion = 10.0.40219.1
Project("{FAE04EC0-301F-11D3-BF4B-00C04F79EFBC}") = "TextRPG", "TextRPG\TextRPG.csproj", "{36327C38-D9B8-4765-A3E0-6528FDABA2A0}"
EndProject
Global
	GlobalSection(SolutionConfigurationPlatforms) = preSolution
		Debug|Any CPU = Debug|Any CPU
		Release|Any CPU = Release|Any CPU
	EndGlobalSection
	GlobalSection(ProjectConfigurationPlatforms) = postSolution
		{36327C38-D9B8-4765-A3E0-6528FDABA2A0}.Debug|Any CPU.ActiveCfg = Debug|Any CPU
		{36327C38-D9B8-4765-A3E0-6528FDABA2A0}.Debug|Any CPU.Build.0 = Debug|Any CPU
		{36327C38-D9B8-4765-A3E0-6528FDABA2A0}.Release|Any CPU.ActiveCfg = Release|Any CPU
		{36327C38-D9B8-4765-A3E0-6528FDABA2A0}.Release|Any CPU.Build.0 = Release|Any CPU
	EndGlobalSection
	GlobalSection(SolutionProperties) = preSolution
		HideSolutionNode = FALSE
	EndGlobalSection
	GlobalSection(ExtensibilityGlobals) = postSolution
		SolutionGuid = {6E5190D0-9A23-4BE0-8C54-19B536AEB888}
	EndGlobalSection
EndGlobal
