
Microsoft Visual Studio Solution File, Format Version 12.00
# Visual Studio Version 17
VisualStudioVersion = 17.13.35818.85 d17.13
MinimumVisualStudioVersion = 10.0.40219.1
Project("{FAE04EC0-301F-11D3-BF4B-00C04F79EFBC}") = "TodayTask2", "TodayTask2\TodayTask2.csproj", "{643C5C11-5322-40E3-945E-9AC231968EBD}"
EndProject
Global
	GlobalSection(SolutionConfigurationPlatforms) = preSolution
		Debug|Any CPU = Debug|Any CPU
		Release|Any CPU = Release|Any CPU
	EndGlobalSection
	GlobalSection(ProjectConfigurationPlatforms) = postSolution
		{643C5C11-5322-40E3-945E-9AC231968EBD}.Debug|Any CPU.ActiveCfg = Debug|Any CPU
		{643C5C11-5322-40E3-945E-9AC231968EBD}.Debug|Any CPU.Build.0 = Debug|Any CPU
		{643C5C11-5322-40E3-945E-9AC231968EBD}.Release|Any CPU.ActiveCfg = Release|Any CPU
		{643C5C11-5322-40E3-945E-9AC231968EBD}.Release|Any CPU.Build.0 = Release|Any CPU
	EndGlobalSection
	GlobalSection(SolutionProperties) = preSolution
		HideSolutionNode = FALSE
	EndGlobalSection
	GlobalSection(ExtensibilityGlobals) = postSolution
		SolutionGuid = {252A17C9-8473-4F47-9E21-E0289BC840EA}
	EndGlobalSection
EndGlobal
